
Microsoft Visual Studio Solution File, Format Version 12.00
# Visual Studio 2012
Project("{FAE04EC0-301F-11D3-BF4B-00C04F79EFBC}") = "Controll.Hosting", "Controll.Hosting\Controll.Hosting.csproj", "{33FDC200-B69F-4E45-BE7B-1A35D96312E5}"
EndProject
Project("{FAE04EC0-301F-11D3-BF4B-00C04F79EFBC}") = "Controll.Hosting.Tests", "Controll.Hosting.Tests\Controll.Hosting.Tests.csproj", "{F6364CC7-590A-40EC-B720-2FD9BF63347E}"
EndProject
Project("{FAE04EC0-301F-11D3-BF4B-00C04F79EFBC}") = "Controll", "Controll\Controll.csproj", "{F299089C-9B7E-4085-ACF4-EB6701FC376A}"
EndProject
Project("{FAE04EC0-301F-11D3-BF4B-00C04F79EFBC}") = "Controll.Tests", "Controll.Tests\Controll.Tests.csproj", "{934968E2-9658-4D90-9031-1DEE04AAA7B6}"
EndProject
Project("{FAE04EC0-301F-11D3-BF4B-00C04F79EFBC}") = "Controll.Common", "Controll.Common\Controll.Common.csproj", "{ACD1BF70-B936-4F32-BC70-BE93A4787E41}"
EndProject
Project("{FAE04EC0-301F-11D3-BF4B-00C04F79EFBC}") = "Controll.Zombie", "Controll.Zombie\Controll.Zombie.csproj", "{56A82BCB-F5A7-45B6-9731-F99F415D7864}"
EndProject
Global
	GlobalSection(SolutionConfigurationPlatforms) = preSolution
		Debug|Any CPU = Debug|Any CPU
		Release|Any CPU = Release|Any CPU
	EndGlobalSection
	GlobalSection(ProjectConfigurationPlatforms) = postSolution
		{33FDC200-B69F-4E45-BE7B-1A35D96312E5}.Debug|Any CPU.ActiveCfg = Debug|Any CPU
		{33FDC200-B69F-4E45-BE7B-1A35D96312E5}.Debug|Any CPU.Build.0 = Debug|Any CPU
		{33FDC200-B69F-4E45-BE7B-1A35D96312E5}.Release|Any CPU.ActiveCfg = Release|Any CPU
		{33FDC200-B69F-4E45-BE7B-1A35D96312E5}.Release|Any CPU.Build.0 = Release|Any CPU
		{F6364CC7-590A-40EC-B720-2FD9BF63347E}.Debug|Any CPU.ActiveCfg = Debug|Any CPU
		{F6364CC7-590A-40EC-B720-2FD9BF63347E}.Debug|Any CPU.Build.0 = Debug|Any CPU
		{F6364CC7-590A-40EC-B720-2FD9BF63347E}.Release|Any CPU.ActiveCfg = Release|Any CPU
		{F6364CC7-590A-40EC-B720-2FD9BF63347E}.Release|Any CPU.Build.0 = Release|Any CPU
		{F299089C-9B7E-4085-ACF4-EB6701FC376A}.Debug|Any CPU.ActiveCfg = Debug|Any CPU
		{F299089C-9B7E-4085-ACF4-EB6701FC376A}.Debug|Any CPU.Build.0 = Debug|Any CPU
		{F299089C-9B7E-4085-ACF4-EB6701FC376A}.Release|Any CPU.ActiveCfg = Release|Any CPU
		{F299089C-9B7E-4085-ACF4-EB6701FC376A}.Release|Any CPU.Build.0 = Release|Any CPU
		{934968E2-9658-4D90-9031-1DEE04AAA7B6}.Debug|Any CPU.ActiveCfg = Debug|Any CPU
		{934968E2-9658-4D90-9031-1DEE04AAA7B6}.Debug|Any CPU.Build.0 = Debug|Any CPU
		{934968E2-9658-4D90-9031-1DEE04AAA7B6}.Release|Any CPU.ActiveCfg = Release|Any CPU
		{934968E2-9658-4D90-9031-1DEE04AAA7B6}.Release|Any CPU.Build.0 = Release|Any CPU
		{ACD1BF70-B936-4F32-BC70-BE93A4787E41}.Debug|Any CPU.ActiveCfg = Debug|Any CPU
		{ACD1BF70-B936-4F32-BC70-BE93A4787E41}.Debug|Any CPU.Build.0 = Debug|Any CPU
		{ACD1BF70-B936-4F32-BC70-BE93A4787E41}.Release|Any CPU.ActiveCfg = Release|Any CPU
		{ACD1BF70-B936-4F32-BC70-BE93A4787E41}.Release|Any CPU.Build.0 = Release|Any CPU
		{56A82BCB-F5A7-45B6-9731-F99F415D7864}.Debug|Any CPU.ActiveCfg = Debug|Any CPU
		{56A82BCB-F5A7-45B6-9731-F99F415D7864}.Debug|Any CPU.Build.0 = Debug|Any CPU
		{56A82BCB-F5A7-45B6-9731-F99F415D7864}.Release|Any CPU.ActiveCfg = Release|Any CPU
		{56A82BCB-F5A7-45B6-9731-F99F415D7864}.Release|Any CPU.Build.0 = Release|Any CPU
	EndGlobalSection
	GlobalSection(SolutionProperties) = preSolution
		HideSolutionNode = FALSE
	EndGlobalSection
EndGlobal
